
Microsoft Visual Studio Solution File, Format Version 12.00
# Visual Studio Version 17
VisualStudioVersion = 17.5.002.0
MinimumVisualStudioVersion = 10.0.40219.1
Project("{9A19103F-16F7-4668-BE54-9A1E7A4F7556}") = "EmployeeManagement web app", "EmployeeManagement web app.csproj", "{15A89767-9935-4B45-9792-B4F5672290D4}"
EndProject
Global
	GlobalSection(SolutionConfigurationPlatforms) = preSolution
		Debug|Any CPU = Debug|Any CPU
		Release|Any CPU = Release|Any CPU
	EndGlobalSection
	GlobalSection(ProjectConfigurationPlatforms) = postSolution
		{15A89767-9935-4B45-9792-B4F5672290D4}.Debug|Any CPU.ActiveCfg = Debug|Any CPU
		{15A89767-9935-4B45-9792-B4F5672290D4}.Debug|Any CPU.Build.0 = Debug|Any CPU
		{15A89767-9935-4B45-9792-B4F5672290D4}.Release|Any CPU.ActiveCfg = Release|Any CPU
		{15A89767-9935-4B45-9792-B4F5672290D4}.Release|Any CPU.Build.0 = Release|Any CPU
	EndGlobalSection
	GlobalSection(SolutionProperties) = preSolution
		HideSolutionNode = FALSE
	EndGlobalSection
	GlobalSection(ExtensibilityGlobals) = postSolution
		SolutionGuid = {AA2276C6-9662-420C-824C-7793B093D473}
	EndGlobalSection
EndGlobal
